
Microsoft Visual Studio Solution File, Format Version 12.00
# Visual Studio Version 17
VisualStudioVersion = 17.0.31903.59
MinimumVisualStudioVersion = 10.0.40219.1
Project("{2150E333-8FDC-42A3-9474-1A3956D46DE8}") = "src", "src", "{827E0CD3-B72D-47B6-A68D-7590B98EB39B}"
EndProject
Project("{FAE04EC0-301F-11D3-BF4B-00C04F79EFBC}") = "ECommerce.Web", "src\ECommerce.Web\ECommerce.Web.csproj", "{372E4117-E988-4671-A36D-51637109112E}"
EndProject
Project("{FAE04EC0-301F-11D3-BF4B-00C04F79EFBC}") = "ECommerce.Application", "src\ECommerce.Application\ECommerce.Application.csproj", "{693D8296-827E-4B88-B7E4-2F88737F8FC8}"
EndProject
Project("{FAE04EC0-301F-11D3-BF4B-00C04F79EFBC}") = "ECommerce.Domain", "src\ECommerce.Domain\ECommerce.Domain.csproj", "{DF62F0FE-73E3-4BF0-A7F2-DE63A83C2B12}"
EndProject
Project("{FAE04EC0-301F-11D3-BF4B-00C04F79EFBC}") = "ECommerce.Shared", "src\ECommerce.Shared\ECommerce.Shared.csproj", "{A53FB2BA-5109-4516-8EDB-7A79A00D8C4E}"
EndProject
Project("{FAE04EC0-301F-11D3-BF4B-00C04F79EFBC}") = "ECommerce.Infrastructure", "src\ECommerce.Infrastructure\ECommerce.Infrastructure.csproj", "{44398075-E26E-4569-94AE-9DCF084126CE}"
EndProject
Project("{2150E333-8FDC-42A3-9474-1A3956D46DE8}") = "tests", "tests", "{0AB3BF05-4346-4AA6-1389-037BE0695223}"
EndProject
Project("{FAE04EC0-301F-11D3-BF4B-00C04F79EFBC}") = "ECommerce.Tests", "tests\ECommerce.Tests\ECommerce.Tests.csproj", "{238C0752-A8CE-4600-9433-604826C51BFC}"
EndProject
Global
	GlobalSection(SolutionConfigurationPlatforms) = preSolution
		Debug|Any CPU = Debug|Any CPU
		Debug|x64 = Debug|x64
		Debug|x86 = Debug|x86
		Release|Any CPU = Release|Any CPU
		Release|x64 = Release|x64
		Release|x86 = Release|x86
	EndGlobalSection
	GlobalSection(ProjectConfigurationPlatforms) = postSolution
		{372E4117-E988-4671-A36D-51637109112E}.Debug|Any CPU.ActiveCfg = Debug|Any CPU
		{372E4117-E988-4671-A36D-51637109112E}.Debug|Any CPU.Build.0 = Debug|Any CPU
		{372E4117-E988-4671-A36D-51637109112E}.Debug|x64.ActiveCfg = Debug|Any CPU
		{372E4117-E988-4671-A36D-51637109112E}.Debug|x64.Build.0 = Debug|Any CPU
		{372E4117-E988-4671-A36D-51637109112E}.Debug|x86.ActiveCfg = Debug|Any CPU
		{372E4117-E988-4671-A36D-51637109112E}.Debug|x86.Build.0 = Debug|Any CPU
		{372E4117-E988-4671-A36D-51637109112E}.Release|Any CPU.ActiveCfg = Release|Any CPU
		{372E4117-E988-4671-A36D-51637109112E}.Release|Any CPU.Build.0 = Release|Any CPU
		{372E4117-E988-4671-A36D-51637109112E}.Release|x64.ActiveCfg = Release|Any CPU
		{372E4117-E988-4671-A36D-51637109112E}.Release|x64.Build.0 = Release|Any CPU
		{372E4117-E988-4671-A36D-51637109112E}.Release|x86.ActiveCfg = Release|Any CPU
		{372E4117-E988-4671-A36D-51637109112E}.Release|x86.Build.0 = Release|Any CPU
		{693D8296-827E-4B88-B7E4-2F88737F8FC8}.Debug|Any CPU.ActiveCfg = Debug|Any CPU
		{693D8296-827E-4B88-B7E4-2F88737F8FC8}.Debug|Any CPU.Build.0 = Debug|Any CPU
		{693D8296-827E-4B88-B7E4-2F88737F8FC8}.Debug|x64.ActiveCfg = Debug|Any CPU
		{693D8296-827E-4B88-B7E4-2F88737F8FC8}.Debug|x64.Build.0 = Debug|Any CPU
		{693D8296-827E-4B88-B7E4-2F88737F8FC8}.Debug|x86.ActiveCfg = Debug|Any CPU
		{693D8296-827E-4B88-B7E4-2F88737F8FC8}.Debug|x86.Build.0 = Debug|Any CPU
		{693D8296-827E-4B88-B7E4-2F88737F8FC8}.Release|Any CPU.ActiveCfg = Release|Any CPU
		{693D8296-827E-4B88-B7E4-2F88737F8FC8}.Release|Any CPU.Build.0 = Release|Any CPU
		{693D8296-827E-4B88-B7E4-2F88737F8FC8}.Release|x64.ActiveCfg = Release|Any CPU
		{693D8296-827E-4B88-B7E4-2F88737F8FC8}.Release|x64.Build.0 = Release|Any CPU
		{693D8296-827E-4B88-B7E4-2F88737F8FC8}.Release|x86.ActiveCfg = Release|Any CPU
		{693D8296-827E-4B88-B7E4-2F88737F8FC8}.Release|x86.Build.0 = Release|Any CPU
		{DF62F0FE-73E3-4BF0-A7F2-DE63A83C2B12}.Debug|Any CPU.ActiveCfg = Debug|Any CPU
		{DF62F0FE-73E3-4BF0-A7F2-DE63A83C2B12}.Debug|Any CPU.Build.0 = Debug|Any CPU
		{DF62F0FE-73E3-4BF0-A7F2-DE63A83C2B12}.Debug|x64.ActiveCfg = Debug|Any CPU
		{DF62F0FE-73E3-4BF0-A7F2-DE63A83C2B12}.Debug|x64.Build.0 = Debug|Any CPU
		{DF62F0FE-73E3-4BF0-A7F2-DE63A83C2B12}.Debug|x86.ActiveCfg = Debug|Any CPU
		{DF62F0FE-73E3-4BF0-A7F2-DE63A83C2B12}.Debug|x86.Build.0 = Debug|Any CPU
		{DF62F0FE-73E3-4BF0-A7F2-DE63A83C2B12}.Release|Any CPU.ActiveCfg = Release|Any CPU
		{DF62F0FE-73E3-4BF0-A7F2-DE63A83C2B12}.Release|Any CPU.Build.0 = Release|Any CPU
		{DF62F0FE-73E3-4BF0-A7F2-DE63A83C2B12}.Release|x64.ActiveCfg = Release|Any CPU
		{DF62F0FE-73E3-4BF0-A7F2-DE63A83C2B12}.Release|x64.Build.0 = Release|Any CPU
		{DF62F0FE-73E3-4BF0-A7F2-DE63A83C2B12}.Release|x86.ActiveCfg = Release|Any CPU
		{DF62F0FE-73E3-4BF0-A7F2-DE63A83C2B12}.Release|x86.Build.0 = Release|Any CPU
		{A53FB2BA-5109-4516-8EDB-7A79A00D8C4E}.Debug|Any CPU.ActiveCfg = Debug|Any CPU
		{A53FB2BA-5109-4516-8EDB-7A79A00D8C4E}.Debug|Any CPU.Build.0 = Debug|Any CPU
		{A53FB2BA-5109-4516-8EDB-7A79A00D8C4E}.Debug|x64.ActiveCfg = Debug|Any CPU
		{A53FB2BA-5109-4516-8EDB-7A79A00D8C4E}.Debug|x64.Build.0 = Debug|Any CPU
		{A53FB2BA-5109-4516-8EDB-7A79A00D8C4E}.Debug|x86.ActiveCfg = Debug|Any CPU
		{A53FB2BA-5109-4516-8EDB-7A79A00D8C4E}.Debug|x86.Build.0 = Debug|Any CPU
		{A53FB2BA-5109-4516-8EDB-7A79A00D8C4E}.Release|Any CPU.ActiveCfg = Release|Any CPU
		{A53FB2BA-5109-4516-8EDB-7A79A00D8C4E}.Release|Any CPU.Build.0 = Release|Any CPU
		{A53FB2BA-5109-4516-8EDB-7A79A00D8C4E}.Release|x64.ActiveCfg = Release|Any CPU
		{A53FB2BA-5109-4516-8EDB-7A79A00D8C4E}.Release|x64.Build.0 = Release|Any CPU
		{A53FB2BA-5109-4516-8EDB-7A79A00D8C4E}.Release|x86.ActiveCfg = Release|Any CPU
		{A53FB2BA-5109-4516-8EDB-7A79A00D8C4E}.Release|x86.Build.0 = Release|Any CPU
		{44398075-E26E-4569-94AE-9DCF084126CE}.Debug|Any CPU.ActiveCfg = Debug|Any CPU
		{44398075-E26E-4569-94AE-9DCF084126CE}.Debug|Any CPU.Build.0 = Debug|Any CPU
		{44398075-E26E-4569-94AE-9DCF084126CE}.Debug|x64.ActiveCfg = Debug|Any CPU
		{44398075-E26E-4569-94AE-9DCF084126CE}.Debug|x64.Build.0 = Debug|Any CPU
		{44398075-E26E-4569-94AE-9DCF084126CE}.Debug|x86.ActiveCfg = Debug|Any CPU
		{44398075-E26E-4569-94AE-9DCF084126CE}.Debug|x86.Build.0 = Debug|Any CPU
		{44398075-E26E-4569-94AE-9DCF084126CE}.Release|Any CPU.ActiveCfg = Release|Any CPU
		{44398075-E26E-4569-94AE-9DCF084126CE}.Release|Any CPU.Build.0 = Release|Any CPU
		{44398075-E26E-4569-94AE-9DCF084126CE}.Release|x64.ActiveCfg = Release|Any CPU
		{44398075-E26E-4569-94AE-9DCF084126CE}.Release|x64.Build.0 = Release|Any CPU
		{44398075-E26E-4569-94AE-9DCF084126CE}.Release|x86.ActiveCfg = Release|Any CPU
		{44398075-E26E-4569-94AE-9DCF084126CE}.Release|x86.Build.0 = Release|Any CPU
		{238C0752-A8CE-4600-9433-604826C51BFC}.Debug|Any CPU.ActiveCfg = Debug|Any CPU
		{238C0752-A8CE-4600-9433-604826C51BFC}.Debug|Any CPU.Build.0 = Debug|Any CPU
		{238C0752-A8CE-4600-9433-604826C51BFC}.Debug|x64.ActiveCfg = Debug|Any CPU
		{238C0752-A8CE-4600-9433-604826C51BFC}.Debug|x64.Build.0 = Debug|Any CPU
		{238C0752-A8CE-4600-9433-604826C51BFC}.Debug|x86.ActiveCfg = Debug|Any CPU
		{238C0752-A8CE-4600-9433-604826C51BFC}.Debug|x86.Build.0 = Debug|Any CPU
		{238C0752-A8CE-4600-9433-604826C51BFC}.Release|Any CPU.ActiveCfg = Release|Any CPU
		{238C0752-A8CE-4600-9433-604826C51BFC}.Release|Any CPU.Build.0 = Release|Any CPU
		{238C0752-A8CE-4600-9433-604826C51BFC}.Release|x64.ActiveCfg = Release|Any CPU
		{238C0752-A8CE-4600-9433-604826C51BFC}.Release|x64.Build.0 = Release|Any CPU
		{238C0752-A8CE-4600-9433-604826C51BFC}.Release|x86.ActiveCfg = Release|Any CPU
		{238C0752-A8CE-4600-9433-604826C51BFC}.Release|x86.Build.0 = Release|Any CPU
	EndGlobalSection
	GlobalSection(SolutionProperties) = preSolution
		HideSolutionNode = FALSE
	EndGlobalSection
	GlobalSection(NestedProjects) = preSolution
		{372E4117-E988-4671-A36D-51637109112E} = {827E0CD3-B72D-47B6-A68D-7590B98EB39B}
		{693D8296-827E-4B88-B7E4-2F88737F8FC8} = {827E0CD3-B72D-47B6-A68D-7590B98EB39B}
		{DF62F0FE-73E3-4BF0-A7F2-DE63A83C2B12} = {827E0CD3-B72D-47B6-A68D-7590B98EB39B}
		{A53FB2BA-5109-4516-8EDB-7A79A00D8C4E} = {827E0CD3-B72D-47B6-A68D-7590B98EB39B}
		{44398075-E26E-4569-94AE-9DCF084126CE} = {827E0CD3-B72D-47B6-A68D-7590B98EB39B}
		{238C0752-A8CE-4600-9433-604826C51BFC} = {0AB3BF05-4346-4AA6-1389-037BE0695223}
	EndGlobalSection
EndGlobal
